{
  "requires": true,
  "lockfileVersion": 1,
  "dependencies": {
    "babel-plugin-add-header-comment": {
      "version": "1.0.3",
      "resolved": "https://registry.npmjs.org/babel-plugin-add-header-comment/-/babel-plugin-add-header-comment-1.0.3.tgz",
      "integrity": "sha1-URxJAQYmQNWkgLSsPt1pRBlYUOw="
    },
    "cordova-plugin-awesome-shared-preferences": {
      "version": "0.1.0",
      "resolved": "https://registry.npmjs.org/cordova-plugin-awesome-shared-preferences/-/cordova-plugin-awesome-shared-preferences-0.1.0.tgz",
      "integrity": "sha1-ZkrI7gGGyK4V5ubwOkeRmJ8uo8k="
    },
    "cordova-plugin-fcm": {
      "version": "2.1.2",
      "resolved": "https://registry.npmjs.org/cordova-plugin-fcm/-/cordova-plugin-fcm-2.1.2.tgz",
      "integrity": "sha1-Xy98EsFlVtIdMCHn062J4hWCV0c="
    },
    "cordova-plugin-nativestorage": {
      "version": "2.3.2",
      "resolved": "https://registry.npmjs.org/cordova-plugin-nativestorage/-/cordova-plugin-nativestorage-2.3.2.tgz",
      "integrity": "sha512-olg/BzYRk0NGbKQ5f7rf21RYQEyJI19CCZn6RpVMO9/kbRRFqae/6ixjDNy81dXSu2TQ42brjBddGe1Qpn5ViA=="
    },
    "cordova-support-google-services": {
      "version": "1.1.0",
      "resolved": "https://registry.npmjs.org/cordova-support-google-services/-/cordova-support-google-services-1.1.0.tgz",
      "integrity": "sha1-RjTFIgD4cGDReV6yhw6ZRC12Lm0="
    },
    "install": {
      "version": "0.8.9",
      "resolved": "https://registry.npmjs.org/install/-/install-0.8.9.tgz",
      "integrity": "sha1-n0tcDRhR74cunfheT3Fi1OXc2+0="
    },
    "phonegap-plugin-multidex": {
      "version": "1.0.0",
      "resolved": "https://registry.npmjs.org/phonegap-plugin-multidex/-/phonegap-plugin-multidex-1.0.0.tgz",
      "integrity": "sha512-1wvc3iQOQpEBaQbXgLxA2JUiLSQ2azdF/bF29ghXDiQJWSpQ1BF8gSuqttM8WZoj081Ps8OKL0gYxdDBkFNPqA=="
    },
    "phonegap-plugin-push": {
      "version": "2.2.3",
      "resolved": "https://registry.npmjs.org/phonegap-plugin-push/-/phonegap-plugin-push-2.2.3.tgz",
      "integrity": "sha512-5mjT0G1vfRhXVnZFLwjfzcFwYjVRMibgYDCfYvEujGsP8YwwrIIzcf+xBYAjQV/W2JCjzuNaYd7xJ0yVQaPeig==",
      "requires": {
        "babel-plugin-add-header-comment": "^1.0.3",
        "install": "^0.8.2"
      }
    }
  }
}
